Microsoft Visual Studio Solution File, Format Version 12.00
# Visual Studio Version 17
VisualStudioVersion = 17.5.2.0
MinimumVisualStudioVersion = 10.0.40219.1
Project("{FAE04EC0-301F-11D3-BF4B-00C04F79EFBC}") = "HighScores", "HighScores.csproj", "{87C79393-DFD0-6501-5EC8-9D8774CF918C}"
EndProject
Global
	GlobalSection(SolutionConfigurationPlatforms) = preSolution
		Debug|Any CPU = Debug|Any CPU
		Release|Any CPU = Release|Any CPU
	EndGlobalSection
	GlobalSection(ProjectConfigurationPlatforms) = postSolution
		{87C79393-DFD0-6501-5EC8-9D8774CF918C}.Debug|Any CPU.ActiveCfg = Debug|Any CPU
		{87C79393-DFD0-6501-5EC8-9D8774CF918C}.Debug|Any CPU.Build.0 = Debug|Any CPU
		{87C79393-DFD0-6501-5EC8-9D8774CF918C}.Release|Any CPU.ActiveCfg = Release|Any CPU
		{87C79393-DFD0-6501-5EC8-9D8774CF918C}.Release|Any CPU.Build.0 = Release|Any CPU
	EndGlobalSection
	GlobalSection(SolutionProperties) = preSolution
		HideSolutionNode = FALSE
	EndGlobalSection
	GlobalSection(ExtensibilityGlobals) = postSolution
		SolutionGuid = {6C28D6CC-6B65-4E52-BD0A-A5F99F334EB6}
	EndGlobalSection
EndGlobal
